<?xml version="1.0" encoding="utf-8"?>
<Project ToolsVersion="4.0" xmlns="http://schemas.microsoft.com/developer/msbuild/2003">
  <ItemGroup>
    <Filter Include="external">
      <UniqueIdentifier>{3169ef4b-59c4-4b5c-9a2f-cad199ed51fc}</UniqueIdentifier>
    </Filter>
    <Filter Include="src">
      <UniqueIdentifier>{67273c84-c3ac-42ae-b373-811d2cf300c9}</UniqueIdentifier>
    </Filter>
    <Filter Include="src\out_hoi4">
      <UniqueIdentifier>{1bfc8f00-885c-4450-8476-4c26ab6d4d4c}</UniqueIdentifier>
    </Filter>
    <Filter Include="external\commonItems">
      <UniqueIdentifier>{39e93c8a-8929-4bb6-b27d-2f1ee273f807}</UniqueIdentifier>
    </Filter>
    <Filter Include="external\googletest">
      <UniqueIdentifier>{d948b0ac-652a-4229-b11b-fa3a10a85248}</UniqueIdentifier>
    </Filter>
    <Filter Include="external\googletest\googlemock">
      <UniqueIdentifier>{242bb24a-483f-4ccf-9820-35a2814694e1}</UniqueIdentifier>
    </Filter>
    <Filter Include="external\googletest\googlemock\src">
      <UniqueIdentifier>{656dfd3a-4056-4e48-bfce-06e3c771f46f}</UniqueIdentifier>
    </Filter>
    <Filter Include="external\googletest\googletest">
      <UniqueIdentifier>{67df624e-20b0-4110-b9c9-8bdbab5951a6}</UniqueIdentifier>
    </Filter>
    <Filter Include="external\fmt">
      <UniqueIdentifier>{d07b90c3-5d9e-4270-a633-40f507c289b1}</UniqueIdentifier>
    </Filter>
    <Filter Include="external\fmt\include">
      <UniqueIdentifier>{d7712442-02b3-4089-8435-fbb5f9312f24}</UniqueIdentifier>
    </Filter>
    <Filter Include="external\fmt\src">
      <UniqueIdentifier>{6750f694-1889-430f-b265-1e906d7981ea}</UniqueIdentifier>
    </Filter>
    <Filter Include="external\fmt\include\fmt">
      <UniqueIdentifier>{b64e8cd6-a2c9-4d56-9e54-b45368cfaa7c}</UniqueIdentifier>
    </Filter>
    <Filter Include="src\configuration">
      <UniqueIdentifier>{65421f73-15f7-44d8-8fb3-ff817059e163}</UniqueIdentifier>
    </Filter>
    <Filter Include="src\vic3_world">
      <UniqueIdentifier>{ed9e781a-ceff-4c42-9f66-6bcbf1f43aec}</UniqueIdentifier>
    </Filter>
    <Filter Include="src\vic3_world\world">
      <UniqueIdentifier>{0e291d80-5f73-4327-87a6-de10c3ce7876}</UniqueIdentifier>
    </Filter>
    <Filter Include="external\zip">
      <UniqueIdentifier>{53a76412-3aeb-4e08-a684-b4c35c0f7e83}</UniqueIdentifier>
    </Filter>
    <Filter Include="external\zip\src">
      <UniqueIdentifier>{09f478ef-5b8d-4095-ae42-a503d1c763bd}</UniqueIdentifier>
    </Filter>
    <Filter Include="src\vic3_world\states">
      <UniqueIdentifier>{869e88c1-1a7d-48f0-b591-12b1410be705}</UniqueIdentifier>
    </Filter>
    <Filter Include="src\vic3_world\countries">
      <UniqueIdentifier>{fdc024df-f739-43d4-97b3-0cc06cf05a42}</UniqueIdentifier>
    </Filter>
    <Filter Include="src\mappers">
      <UniqueIdentifier>{422013bb-fa96-4949-a47e-ffc1189fafb4}</UniqueIdentifier>
    </Filter>
    <Filter Include="src\mappers\country">
      <UniqueIdentifier>{4889b5d0-a382-432e-8886-2d4e5e98c3a4}</UniqueIdentifier>
    </Filter>
    <Filter Include="src\hoi4_world">
      <UniqueIdentifier>{f603b05c-32f7-403d-904b-ee0fef5b1822}</UniqueIdentifier>
    </Filter>
    <Filter Include="src\hoi4_world\countries">
      <UniqueIdentifier>{4ba238f2-3864-47e1-bfc6-60b51500137d}</UniqueIdentifier>
    </Filter>
    <Filter Include="src\hoi4_world\world">
      <UniqueIdentifier>{777da70a-d611-4d84-aff2-9a91e187348f}</UniqueIdentifier>
    </Filter>
    <Filter Include="src\out_hoi4\countries">
      <UniqueIdentifier>{c0a961b6-7dd6-4ee9-b313-97bc1060ae4f}</UniqueIdentifier>
    </Filter>
    <Filter Include="src\out_hoi4\world">
      <UniqueIdentifier>{d6851ddd-dd96-4032-840b-1ee8b4843fe9}</UniqueIdentifier>
    </Filter>
    <Filter Include="external\commonItems\ModLoader">
      <UniqueIdentifier>{19d355dc-3e97-4347-9740-b82ed1861b12}</UniqueIdentifier>
    </Filter>
    <Filter Include="src\mappers\provinces">
      <UniqueIdentifier>{f8d117cd-afa5-4fc6-abe0-ccb4b49c4c53}</UniqueIdentifier>
    </Filter>
    <Filter Include="src\vic3_world\provinces">
      <UniqueIdentifier>{f5be605b-7aae-40e8-81dd-b982c3bd409e}</UniqueIdentifier>
    </Filter>
  </ItemGroup>
  <ItemGroup>
    <ClCompile Include="src\vic3_to_hoi4_converter.cpp">
      <Filter>src</Filter>
    </ClCompile>
    <ClCompile Include="src\out_hoi4\out_mod.cpp">
      <Filter>src\out_hoi4</Filter>
    </ClCompile>
    <ClCompile Include="src\out_hoi4\out_mod_test.cpp">
      <Filter>src\out_hoi4</Filter>
    </ClCompile>
    <ClCompile Include="external\commonItems\CommonFunctions.cpp">
      <Filter>external\commonItems</Filter>
    </ClCompile>
    <ClCompile Include="external\commonItems\ConvenientParser.cpp">
      <Filter>external\commonItems</Filter>
    </ClCompile>
    <ClCompile Include="external\commonItems\ConverterVersion.cpp">
      <Filter>external\commonItems</Filter>
    </ClCompile>
    <ClCompile Include="external\commonItems\GameVersion.cpp">
      <Filter>external\commonItems</Filter>
    </ClCompile>
    <ClCompile Include="external\commonItems\iconvlite.cpp">
      <Filter>external\commonItems</Filter>
    </ClCompile>
    <ClCompile Include="external\commonItems\Log.cpp">
      <Filter>external\commonItems</Filter>
    </ClCompile>
    <ClCompile Include="external\commonItems\OSCommonLayer.cpp">
      <Filter>external\commonItems</Filter>
    </ClCompile>
    <ClCompile Include="external\commonItems\Parser.cpp">
      <Filter>external\commonItems</Filter>
    </ClCompile>
    <ClCompile Include="external\commonItems\ParserHelpers.cpp">
      <Filter>external\commonItems</Filter>
    </ClCompile>
    <ClCompile Include="external\commonItems\StringUtils.cpp">
      <Filter>external\commonItems</Filter>
    </ClCompile>
    <ClCompile Include="external\commonItems\WinUtils.cpp">
      <Filter>external\commonItems</Filter>
    </ClCompile>
    <ClCompile Include="external\googletest\googlemock\src\gmock-all.cc">
      <Filter>external\googletest\googlemock\src</Filter>
    </ClCompile>
    <ClCompile Include="external\googletest\googletest\src\gtest_main.cc">
      <Filter>external\googletest\googletest</Filter>
    </ClCompile>
    <ClCompile Include="external\googletest\googletest\src\gtest-all.cc">
      <Filter>external\googletest\googletest</Filter>
    </ClCompile>
    <ClCompile Include="external\fmt\src\format.cc">
      <Filter>external\fmt\src</Filter>
    </ClCompile>
    <ClCompile Include="external\fmt\src\os.cc">
      <Filter>external\fmt\src</Filter>
    </ClCompile>
    <ClCompile Include="src\configuration\configuration_importer.cpp">
      <Filter>src\configuration</Filter>
    </ClCompile>
    <ClCompile Include="src\configuration\configuration_importer_tests.cpp">
      <Filter>src\configuration</Filter>
    </ClCompile>
    <ClCompile Include="src\vic3_world\world\vic3_world_importer.cpp">
      <Filter>src\vic3_world\world</Filter>
    </ClCompile>
    <ClCompile Include="external\zip\src\zip.c">
      <Filter>external\zip\src</Filter>
    </ClCompile>
    <ClCompile Include="src\vic3_world\world\vic3_world_importer_tests.cpp">
      <Filter>src\vic3_world\world</Filter>
    </ClCompile>
    <ClCompile Include="src\mappers\country\country_mapper_tests.cpp">
      <Filter>src\mappers\country</Filter>
    </ClCompile>
    <ClCompile Include="src\hoi4_world\countries\hoi4_country.cpp">
      <Filter>src\hoi4_world\countries</Filter>
    </ClCompile>
    <ClCompile Include="src\hoi4_world\countries\hoi4_country_tests.cpp">
      <Filter>src\hoi4_world\countries</Filter>
    </ClCompile>
    <ClCompile Include="src\hoi4_world\world\hoi4_world.cpp">
      <Filter>src\hoi4_world\world</Filter>
    </ClCompile>
    <ClCompile Include="src\hoi4_world\world\hoi4_world_tests.cpp">
      <Filter>src\hoi4_world\world</Filter>
    </ClCompile>
    <ClCompile Include="src\out_hoi4\countries\out_country.cpp">
      <Filter>src\out_hoi4\countries</Filter>
    </ClCompile>
    <ClCompile Include="src\out_hoi4\countries\out_country_tests.cpp">
      <Filter>src\out_hoi4\countries</Filter>
    </ClCompile>
    <ClCompile Include="src\vic3_world\countries\vic3_countries_importer.cpp">
      <Filter>src\vic3_world\countries</Filter>
    </ClCompile>
    <ClCompile Include="src\vic3_world\countries\vic3_countries_importer_tests.cpp">
      <Filter>src\vic3_world\countries</Filter>
    </ClCompile>
    <ClCompile Include="src\vic3_world\countries\vic3_country_importer.cpp">
      <Filter>src\vic3_world\countries</Filter>
    </ClCompile>
    <ClCompile Include="src\vic3_world\countries\vic3_country_importer_tests.cpp">
      <Filter>src\vic3_world\countries</Filter>
    </ClCompile>
    <ClCompile Include="src\vic3_world\states\vic3_state_importer.cpp">
      <Filter>src\vic3_world\states</Filter>
    </ClCompile>
    <ClCompile Include="src\vic3_world\states\vic3_state_importer_tests.cpp">
      <Filter>src\vic3_world\states</Filter>
    </ClCompile>
    <ClCompile Include="src\vic3_world\states\vic3_states_importer.cpp">
      <Filter>src\vic3_world\states</Filter>
    </ClCompile>
    <ClCompile Include="src\vic3_world\states\vic3_states_importer_tests.cpp">
      <Filter>src\vic3_world\states</Filter>
    </ClCompile>
    <ClCompile Include="src\out_hoi4\countries\out_countries.cpp">
      <Filter>src\out_hoi4\countries</Filter>
    </ClCompile>
    <ClCompile Include="src\out_hoi4\countries\out_countries_tests.cpp">
      <Filter>src\out_hoi4\countries</Filter>
    </ClCompile>
    <ClCompile Include="src\out_hoi4\world\out_world.cpp">
      <Filter>src\out_hoi4\world</Filter>
    </ClCompile>
    <ClCompile Include="external\commonItems\ModLoader\ModFilesystem.cpp">
      <Filter>external\commonItems\ModLoader</Filter>
    </ClCompile>
    <ClCompile Include="external\commonItems\ModLoader\ModLoader.cpp">
      <Filter>external\commonItems\ModLoader</Filter>
    </ClCompile>
    <ClCompile Include="external\commonItems\ModLoader\ModParser.cpp">
      <Filter>external\commonItems\ModLoader</Filter>
    </ClCompile>
    <ClCompile Include="src\out_hoi4\world\out_world_tests.cpp">
      <Filter>src\out_hoi4\world</Filter>
    </ClCompile>
    <ClCompile Include="src\mappers\provinces\province_mapper.cpp">
      <Filter>src\mappers\provinces</Filter>
    </ClCompile>
    <ClCompile Include="src\mappers\provinces\province_mapper_tests.cpp">
      <Filter>src\mappers\provinces</Filter>
    </ClCompile>
    <ClCompile Include="src\mappers\provinces\province_mapper_importer.cpp">
      <Filter>src\mappers\provinces</Filter>
    </ClCompile>
    <ClCompile Include="src\mappers\provinces\province_mapping_importer_tests.cpp">
      <Filter>src\mappers\provinces</Filter>
    </ClCompile>
    <ClCompile Include="src\mappers\provinces\province_mapping_importer.cpp">
      <Filter>src\mappers\provinces</Filter>
    </ClCompile>
    <ClCompile Include="src\mappers\provinces\province_mapper_importer_tests.cpp">
      <Filter>src\mappers\provinces</Filter>
    </ClCompile>
    <ClCompile Include="src\vic3_world\provinces\vic3_province_definitions_tests.cpp">
      <Filter>src\vic3_world\provinces</Filter>
    </ClCompile>
    <ClCompile Include="src\vic3_world\provinces\vic3_province_definitions.cpp">
      <Filter>src\vic3_world\provinces</Filter>
    </ClCompile>
    <ClCompile Include="src\vic3_world\provinces\vic3_province_definitions_loader.cpp">
      <Filter>src\vic3_world\provinces</Filter>
    </ClCompile>
    <ClCompile Include="src\vic3_world\provinces\vic3_province_definitions_loader_tests.cpp">
      <Filter>src\vic3_world\provinces</Filter>
    </ClCompile>
  </ItemGroup>
  <ItemGroup>
    <ClInclude Include="src\vic3_to_hoi4_converter.h">
      <Filter>src</Filter>
    </ClInclude>
    <ClInclude Include="src\out_hoi4\out_mod.h">
      <Filter>src\out_hoi4</Filter>
    </ClInclude>
    <ClInclude Include="external\commonItems\CommonFunctions.h">
      <Filter>external\commonItems</Filter>
    </ClInclude>
    <ClInclude Include="external\commonItems\ConvenientParser.h">
      <Filter>external\commonItems</Filter>
    </ClInclude>
    <ClInclude Include="external\commonItems\ConverterVersion.h">
      <Filter>external\commonItems</Filter>
    </ClInclude>
    <ClInclude Include="external\commonItems\GameVersion.h">
      <Filter>external\commonItems</Filter>
    </ClInclude>
    <ClInclude Include="external\commonItems\iconvlite.h">
      <Filter>external\commonItems</Filter>
    </ClInclude>
    <ClInclude Include="external\commonItems\Log.h">
      <Filter>external\commonItems</Filter>
    </ClInclude>
    <ClInclude Include="external\commonItems\OSCompatibilityLayer.h">
      <Filter>external\commonItems</Filter>
    </ClInclude>
    <ClInclude Include="external\commonItems\Parser.h">
      <Filter>external\commonItems</Filter>
    </ClInclude>
    <ClInclude Include="external\commonItems\ParserHelpers.h">
      <Filter>external\commonItems</Filter>
    </ClInclude>
    <ClInclude Include="external\commonItems\StringUtils.h">
      <Filter>external\commonItems</Filter>
    </ClInclude>
    <ClInclude Include="external\fmt\include\fmt\format.h">
      <Filter>external\fmt\include\fmt</Filter>
    </ClInclude>
    <ClInclude Include="external\fmt\include\fmt\format-inl.h">
      <Filter>external\fmt\include\fmt</Filter>
    </ClInclude>
    <ClInclude Include="external\fmt\include\fmt\core.h">
      <Filter>external\fmt\include\fmt</Filter>
    </ClInclude>
    <ClInclude Include="external\fmt\include\fmt\os.h">
      <Filter>external\fmt\include\fmt</Filter>
    </ClInclude>
    <ClInclude Include="src\configuration\configuration.h">
      <Filter>src\configuration</Filter>
    </ClInclude>
    <ClInclude Include="src\configuration\configuration_importer.h">
      <Filter>src\configuration</Filter>
    </ClInclude>
    <ClInclude Include="src\vic3_world\world\vic3_world_importer.h">
      <Filter>src\vic3_world\world</Filter>
    </ClInclude>
    <ClInclude Include="external\zip\src\miniz.h">
      <Filter>external\zip\src</Filter>
    </ClInclude>
    <ClInclude Include="external\zip\src\zip.h">
      <Filter>external\zip\src</Filter>
    </ClInclude>
    <ClInclude Include="src\mappers\country\country_mapper.h">
      <Filter>src\mappers\country</Filter>
    </ClInclude>
    <ClInclude Include="src\hoi4_world\countries\hoi4_country.h">
      <Filter>src\hoi4_world\countries</Filter>
    </ClInclude>
    <ClInclude Include="src\hoi4_world\world\hoi4_world.h">
      <Filter>src\hoi4_world\world</Filter>
    </ClInclude>
    <ClInclude Include="src\out_hoi4\countries\out_country.h">
      <Filter>src\out_hoi4\countries</Filter>
    </ClInclude>
    <ClInclude Include="src\vic3_world\countries\vic3_countries_importer.h">
      <Filter>src\vic3_world\countries</Filter>
    </ClInclude>
    <ClInclude Include="src\vic3_world\countries\vic3_country.h">
      <Filter>src\vic3_world\countries</Filter>
    </ClInclude>
    <ClInclude Include="src\vic3_world\countries\vic3_country_importer.h">
      <Filter>src\vic3_world\countries</Filter>
    </ClInclude>
    <ClInclude Include="src\vic3_world\states\vic3_state.h">
      <Filter>src\vic3_world\states</Filter>
    </ClInclude>
    <ClInclude Include="src\vic3_world\states\vic3_state_importer.h">
      <Filter>src\vic3_world\states</Filter>
    </ClInclude>
    <ClInclude Include="src\vic3_world\states\vic3_states_importer.h">
      <Filter>src\vic3_world\states</Filter>
    </ClInclude>
    <ClInclude Include="src\out_hoi4\countries\out_countries.h">
      <Filter>src\out_hoi4\countries</Filter>
    </ClInclude>
    <ClInclude Include="src\out_hoi4\world\out_world.h">
      <Filter>src\out_hoi4\world</Filter>
    </ClInclude>
    <ClInclude Include="src\vic3_world\world\vic3_world.h">
      <Filter>src\vic3_world\world</Filter>
    </ClInclude>
    <ClInclude Include="external\commonItems\ModLoader\Mod.h">
      <Filter>external\commonItems\ModLoader</Filter>
    </ClInclude>
    <ClInclude Include="external\commonItems\ModLoader\ModFilesystem.h">
      <Filter>external\commonItems\ModLoader</Filter>
    </ClInclude>
    <ClInclude Include="external\commonItems\ModLoader\ModLoader.h">
      <Filter>external\commonItems\ModLoader</Filter>
    </ClInclude>
    <ClInclude Include="external\commonItems\ModLoader\ModParser.h">
      <Filter>external\commonItems\ModLoader</Filter>
    </ClInclude>
    <ClInclude Include="src\mappers\provinces\province_mapper.h">
      <Filter>src\mappers\provinces</Filter>
    </ClInclude>
    <ClInclude Include="src\mappers\provinces\province_mapping_types.h">
      <Filter>src\mappers\provinces</Filter>
    </ClInclude>
    <ClInclude Include="src\mappers\provinces\province_mapper_importer.h">
      <Filter>src\mappers\provinces</Filter>
    </ClInclude>
    <ClInclude Include="src\mappers\provinces\province_mapping.h">
      <Filter>src\mappers\provinces</Filter>
    </ClInclude>
    <ClInclude Include="src\mappers\provinces\province_mapping_importer.h">
      <Filter>src\mappers\provinces</Filter>
    </ClInclude>
    <ClInclude Include="src\vic3_world\provinces\vic3_province_definitions.h">
      <Filter>src\vic3_world\provinces</Filter>
    </ClInclude>
    <ClInclude Include="src\vic3_world\provinces\vic3_province_definitions_loader.h">
      <Filter>src\vic3_world\provinces</Filter>
    </ClInclude>
  </ItemGroup>
</Project>