<?xml version="1.0" encoding="utf-8"?>
<Project ToolsVersion="4.0" xmlns="http://schemas.microsoft.com/developer/msbuild/2003">
  <ItemGroup>
    <Filter Include="src">
      <UniqueIdentifier>{1ae62be8-0c58-4d75-a21c-0fa7a6ab7198}</UniqueIdentifier>
    </Filter>
    <Filter Include="data">
      <UniqueIdentifier>{a4e6787c-758c-4138-901f-43afb0707675}</UniqueIdentifier>
    </Filter>
    <Filter Include="external">
      <UniqueIdentifier>{5aca59d1-a7f8-45dd-bd5d-6795b72837a5}</UniqueIdentifier>
    </Filter>
    <Filter Include="external\rakaly">
      <UniqueIdentifier>{08c6ad32-d5ea-4f60-b5b1-355e3f53ebc4}</UniqueIdentifier>
    </Filter>
  </ItemGroup>
  <ItemGroup>
    <ClCompile Include="src\main.cpp">
      <Filter>src</Filter>
    </ClCompile>
  </ItemGroup>
  <ItemGroup>
    <CopyFileToFolders Include="data\version.txt">
      <Filter>data</Filter>
    </CopyFileToFolders>
    <CopyFileToFolders Include="external\rakaly\rakaly.dll">
      <Filter>external\rakaly</Filter>
    </CopyFileToFolders>
  </ItemGroup>
</Project>