<?xml version="1.0" encoding="utf-8"?>
<Project ToolsVersion="4.0" xmlns="http://schemas.microsoft.com/developer/msbuild/2003">
  <ItemGroup>
    <Filter Include="external">
      <UniqueIdentifier>{3169ef4b-59c4-4b5c-9a2f-cad199ed51fc}</UniqueIdentifier>
    </Filter>
    <Filter Include="src">
      <UniqueIdentifier>{67273c84-c3ac-42ae-b373-811d2cf300c9}</UniqueIdentifier>
    </Filter>
    <Filter Include="src\out_hoi4">
      <UniqueIdentifier>{1bfc8f00-885c-4450-8476-4c26ab6d4d4c}</UniqueIdentifier>
    </Filter>
    <Filter Include="external\googletest">
      <UniqueIdentifier>{d948b0ac-652a-4229-b11b-fa3a10a85248}</UniqueIdentifier>
    </Filter>
    <Filter Include="external\googletest\googlemock">
      <UniqueIdentifier>{242bb24a-483f-4ccf-9820-35a2814694e1}</UniqueIdentifier>
    </Filter>
    <Filter Include="external\googletest\googlemock\src">
      <UniqueIdentifier>{656dfd3a-4056-4e48-bfce-06e3c771f46f}</UniqueIdentifier>
    </Filter>
    <Filter Include="external\googletest\googletest">
      <UniqueIdentifier>{67df624e-20b0-4110-b9c9-8bdbab5951a6}</UniqueIdentifier>
    </Filter>
    <Filter Include="src\configuration">
      <UniqueIdentifier>{65421f73-15f7-44d8-8fb3-ff817059e163}</UniqueIdentifier>
    </Filter>
    <Filter Include="src\vic3_world">
      <UniqueIdentifier>{ed9e781a-ceff-4c42-9f66-6bcbf1f43aec}</UniqueIdentifier>
    </Filter>
    <Filter Include="src\vic3_world\world">
      <UniqueIdentifier>{0e291d80-5f73-4327-87a6-de10c3ce7876}</UniqueIdentifier>
    </Filter>
    <Filter Include="src\vic3_world\states">
      <UniqueIdentifier>{869e88c1-1a7d-48f0-b591-12b1410be705}</UniqueIdentifier>
    </Filter>
    <Filter Include="src\vic3_world\countries">
      <UniqueIdentifier>{fdc024df-f739-43d4-97b3-0cc06cf05a42}</UniqueIdentifier>
    </Filter>
    <Filter Include="src\mappers">
      <UniqueIdentifier>{422013bb-fa96-4949-a47e-ffc1189fafb4}</UniqueIdentifier>
    </Filter>
    <Filter Include="src\mappers\country">
      <UniqueIdentifier>{4889b5d0-a382-432e-8886-2d4e5e98c3a4}</UniqueIdentifier>
    </Filter>
    <Filter Include="src\hoi4_world">
      <UniqueIdentifier>{f603b05c-32f7-403d-904b-ee0fef5b1822}</UniqueIdentifier>
    </Filter>
    <Filter Include="src\hoi4_world\countries">
      <UniqueIdentifier>{4ba238f2-3864-47e1-bfc6-60b51500137d}</UniqueIdentifier>
    </Filter>
    <Filter Include="src\hoi4_world\world">
      <UniqueIdentifier>{777da70a-d611-4d84-aff2-9a91e187348f}</UniqueIdentifier>
    </Filter>
    <Filter Include="src\out_hoi4\countries">
      <UniqueIdentifier>{c0a961b6-7dd6-4ee9-b313-97bc1060ae4f}</UniqueIdentifier>
    </Filter>
    <Filter Include="src\out_hoi4\world">
      <UniqueIdentifier>{d6851ddd-dd96-4032-840b-1ee8b4843fe9}</UniqueIdentifier>
    </Filter>
    <Filter Include="src\mappers\provinces">
      <UniqueIdentifier>{f8d117cd-afa5-4fc6-abe0-ccb4b49c4c53}</UniqueIdentifier>
    </Filter>
    <Filter Include="src\vic3_world\provinces">
      <UniqueIdentifier>{f5be605b-7aae-40e8-81dd-b982c3bd409e}</UniqueIdentifier>
    </Filter>
    <Filter Include="src\hoi4_world\states">
      <UniqueIdentifier>{660a64d0-b4db-401a-a48d-141833bd42f2}</UniqueIdentifier>
    </Filter>
    <Filter Include="src\out_hoi4\states">
      <UniqueIdentifier>{9cd6cf53-9b31-4427-9538-31447d69c431}</UniqueIdentifier>
    </Filter>
    <Filter Include="src\hoi4_world\map">
      <UniqueIdentifier>{6437bb49-c5f5-44c1-8c91-bfb2ba19e81a}</UniqueIdentifier>
    </Filter>
    <Filter Include="src\out_hoi4\map">
      <UniqueIdentifier>{b471f701-6ae2-423d-bb74-b9622917ac76}</UniqueIdentifier>
    </Filter>
    <Filter Include="src\maps">
      <UniqueIdentifier>{5822c41f-e907-4fad-9a15-37e3a11f68b1}</UniqueIdentifier>
    </Filter>
    <Filter Include="external\rakaly">
      <UniqueIdentifier>{eefda4e6-0d84-4350-b8b6-a14118d842f6}</UniqueIdentifier>
    </Filter>
    <Filter Include="src\vic3_world\technology">
      <UniqueIdentifier>{ee8813e8-b04c-4d2f-9f2e-4eb292b58407}</UniqueIdentifier>
    </Filter>
    <Filter Include="src\mappers\technology">
      <UniqueIdentifier>{461ae1d7-1dd5-40be-936a-54067d3f2e87}</UniqueIdentifier>
    </Filter>
    <Filter Include="src\hoi4_world\technology">
      <UniqueIdentifier>{0e57bb77-998e-4090-8d24-875f43886109}</UniqueIdentifier>
    </Filter>
    <Filter Include="src\out_hoi4\technology">
      <UniqueIdentifier>{3ecea192-075e-4872-8b39-169f1835f9ec}</UniqueIdentifier>
    </Filter>
    <Filter Include="src\hoi4_world\localizations">
      <UniqueIdentifier>{4d706e61-6678-495f-beb6-41da44ab71a1}</UniqueIdentifier>
    </Filter>
    <Filter Include="src\out_hoi4\localizations">
      <UniqueIdentifier>{9d45ced7-f29c-4d50-9182-fa467922e53a}</UniqueIdentifier>
    </Filter>
    <Filter Include="src\hoi4_world\military">
      <UniqueIdentifier>{b1ebf2c7-7f4a-4d0a-a32d-0b63acdc01f0}</UniqueIdentifier>
    </Filter>
    <Filter Include="src\out_hoi4\military">
      <UniqueIdentifier>{4bd77b5b-c7f6-412b-a0bf-69998f518ba2}</UniqueIdentifier>
    </Filter>
    <Filter Include="src\vic3_world\country_rankings">
      <UniqueIdentifier>{c91bb3ea-ac9e-45a2-aecf-2d661ff68774}</UniqueIdentifier>
    </Filter>
    <Filter Include="src\vic3_world\laws">
      <UniqueIdentifier>{07a29a90-5c78-40af-926a-985a77c682ae}</UniqueIdentifier>
    </Filter>
    <Filter Include="src\mappers\ideology">
      <UniqueIdentifier>{7c13beb4-697e-4147-8bd5-75228d16f02e}</UniqueIdentifier>
    </Filter>
    <Filter Include="src\vic3_world\elections">
      <UniqueIdentifier>{03014797-0ad9-4a5c-85ab-c224657c292d}</UniqueIdentifier>
    </Filter>
    <Filter Include="src\vic3_world\cultures">
      <UniqueIdentifier>{0210ae71-a246-4eeb-976f-0d7733472721}</UniqueIdentifier>
    </Filter>
    <Filter Include="src\vic3_world\buildings">
      <UniqueIdentifier>{6653e1bc-d8f7-4e55-8697-b73d80799878}</UniqueIdentifier>
    </Filter>
    <Filter Include="src\mappers\culture">
      <UniqueIdentifier>{68bf9d92-81c7-4d4b-b67c-f1e680313a9f}</UniqueIdentifier>
    </Filter>
    <Filter Include="src\out_hoi4\names">
      <UniqueIdentifier>{de48f3fd-1a80-494a-b93b-b26c7303a06f}</UniqueIdentifier>
    </Filter>
    <Filter Include="src\out_hoi4\portraits">
      <UniqueIdentifier>{bac77715-c87e-4fe0-940b-37d8437d0fc9}</UniqueIdentifier>
    </Filter>
    <Filter Include="src\vic3_world\characters">
      <UniqueIdentifier>{f81f8e46-a3c8-4ed3-b66b-4240d2f9c132}</UniqueIdentifier>
    </Filter>
  </ItemGroup>
  <ItemGroup>
    <ClCompile Include="src\out_hoi4\out_mod_test.cpp">
      <Filter>src\out_hoi4</Filter>
    </ClCompile>
    <ClCompile Include="src\configuration\configuration_importer_tests.cpp">
      <Filter>src\configuration</Filter>
    </ClCompile>
    <ClCompile Include="src\vic3_world\world\vic3_world_importer_tests.cpp">
      <Filter>src\vic3_world\world</Filter>
    </ClCompile>
    <ClCompile Include="src\mappers\country\country_mapper_tests.cpp">
      <Filter>src\mappers\country</Filter>
    </ClCompile>
    <ClCompile Include="src\out_hoi4\countries\out_country_tests.cpp">
      <Filter>src\out_hoi4\countries</Filter>
    </ClCompile>
    <ClCompile Include="src\vic3_world\countries\vic3_countries_importer_tests.cpp">
      <Filter>src\vic3_world\countries</Filter>
    </ClCompile>
    <ClCompile Include="src\vic3_world\countries\vic3_country_importer_tests.cpp">
      <Filter>src\vic3_world\countries</Filter>
    </ClCompile>
    <ClCompile Include="src\vic3_world\states\vic3_state_importer_tests.cpp">
      <Filter>src\vic3_world\states</Filter>
    </ClCompile>
    <ClCompile Include="src\vic3_world\states\vic3_states_importer_tests.cpp">
      <Filter>src\vic3_world\states</Filter>
    </ClCompile>
    <ClCompile Include="src\out_hoi4\countries\out_countries_tests.cpp">
      <Filter>src\out_hoi4\countries</Filter>
    </ClCompile>
    <ClCompile Include="src\out_hoi4\world\out_world_tests.cpp">
      <Filter>src\out_hoi4\world</Filter>
    </ClCompile>
    <ClCompile Include="src\mappers\provinces\province_mapper_tests.cpp">
      <Filter>src\mappers\provinces</Filter>
    </ClCompile>
    <ClCompile Include="src\mappers\provinces\province_mapping_importer_tests.cpp">
      <Filter>src\mappers\provinces</Filter>
    </ClCompile>
    <ClCompile Include="src\mappers\provinces\province_mapper_importer_tests.cpp">
      <Filter>src\mappers\provinces</Filter>
    </ClCompile>
    <ClCompile Include="src\vic3_world\provinces\vic3_province_definitions_tests.cpp">
      <Filter>src\vic3_world\provinces</Filter>
    </ClCompile>
    <ClCompile Include="src\vic3_world\provinces\vic3_province_definitions_loader_tests.cpp">
      <Filter>src\vic3_world\provinces</Filter>
    </ClCompile>
    <ClCompile Include="src\out_hoi4\states\out_state_tests.cpp">
      <Filter>src\out_hoi4\states</Filter>
    </ClCompile>
    <ClCompile Include="src\out_hoi4\states\out_states_tests.cpp">
      <Filter>src\out_hoi4\states</Filter>
    </ClCompile>
    <ClCompile Include="src\hoi4_world\states\hoi4_states_converter_tests.cpp">
      <Filter>src\hoi4_world\states</Filter>
    </ClCompile>
    <ClCompile Include="src\hoi4_world\countries\hoi4_country_converter_tests.cpp">
      <Filter>src\hoi4_world\countries</Filter>
    </ClCompile>
    <ClCompile Include="src\hoi4_world\countries\hoi4_countries_converter_tests.cpp">
      <Filter>src\hoi4_world\countries</Filter>
    </ClCompile>
    <ClCompile Include="src\hoi4_world\map\strategic_region_importer_tests.cpp">
      <Filter>src\hoi4_world\map</Filter>
    </ClCompile>
    <ClCompile Include="src\out_hoi4\map\out_strategic_region_tests.cpp">
      <Filter>src\out_hoi4\map</Filter>
    </ClCompile>
    <ClCompile Include="src\hoi4_world\map\strategic_region_tests.cpp">
      <Filter>src\hoi4_world\map</Filter>
    </ClCompile>
    <ClCompile Include="src\hoi4_world\map\strategic_regions_importer_tests.cpp">
      <Filter>src\hoi4_world\map</Filter>
    </ClCompile>
    <ClCompile Include="src\hoi4_world\map\strategic_regions_tests.cpp">
      <Filter>src\hoi4_world\map</Filter>
    </ClCompile>
    <ClCompile Include="src\out_hoi4\map\out_strategic_regions_tests.cpp">
      <Filter>src\out_hoi4\map</Filter>
    </ClCompile>
    <ClCompile Include="src\maps\map_data_tests.cpp">
      <Filter>src\maps</Filter>
    </ClCompile>
    <ClCompile Include="src\maps\province_definitions_tests.cpp">
      <Filter>src\maps</Filter>
    </ClCompile>
    <ClCompile Include="src\maps\province_points_tests.cpp">
      <Filter>src\maps</Filter>
    </ClCompile>
    <ClCompile Include="src\maps\utility_tests.cpp">
      <Filter>src\maps</Filter>
    </ClCompile>
    <ClCompile Include="src\hoi4_world\map\hoi4_province_definition_importer_tests.cpp">
      <Filter>src\hoi4_world\map</Filter>
    </ClCompile>
    <ClCompile Include="src\vic3_world\countries\country_definitions_importer_tests.cpp">
      <Filter>src\vic3_world\countries</Filter>
    </ClCompile>
    <ClCompile Include="src\hoi4_world\world\hoi4_world_converter_tests.cpp">
      <Filter>src\hoi4_world\world</Filter>
    </ClCompile>
    <ClCompile Include="src\mappers\country\country_mapper_creator_tests.cpp">
      <Filter>src\mappers\country</Filter>
    </ClCompile>
    <ClCompile Include="src\hoi4_world\map\coastal_provinces_creator_tests.cpp">
      <Filter>src\hoi4_world\map</Filter>
    </ClCompile>
    <ClCompile Include="src\hoi4_world\map\buildings_creator_tests.cpp">
      <Filter>src\hoi4_world\map</Filter>
    </ClCompile>
    <ClCompile Include="src\out_hoi4\map\out_building_tests.cpp">
      <Filter>src\out_hoi4\map</Filter>
    </ClCompile>
    <ClCompile Include="src\out_hoi4\map\out_buildings_tests.cpp">
      <Filter>src\out_hoi4\map</Filter>
    </ClCompile>
    <ClCompile Include="src\out_hoi4\map\out_rocket_sites_tests.cpp">
      <Filter>src\out_hoi4\map</Filter>
    </ClCompile>
    <ClCompile Include="external\commonItems\external\googletest\googlemock\src\gmock-all.cc">
      <Filter>external\googletest\googlemock\src</Filter>
    </ClCompile>
    <ClCompile Include="external\commonItems\external\googletest\googletest\src\gtest_main.cc">
      <Filter>external\googletest\googletest</Filter>
    </ClCompile>
    <ClCompile Include="external\commonItems\external\googletest\googletest\src\gtest-all.cc">
      <Filter>external\googletest\googletest</Filter>
    </ClCompile>
    <ClCompile Include="src\vic3_world\technology\vic3_technology_importer_tests.cpp">
      <Filter>src\vic3_world\technology</Filter>
    </ClCompile>
    <ClCompile Include="src\mappers\technology\tech_mapping_importer_tests.cpp">
      <Filter>src\mappers\technology</Filter>
    </ClCompile>
    <ClCompile Include="src\mappers\technology\tech_mappings_importer_tests.cpp">
      <Filter>src\mappers\technology</Filter>
    </ClCompile>
    <ClCompile Include="src\hoi4_world\technology\technologies_converter_tests.cpp">
      <Filter>src\hoi4_world\technology</Filter>
    </ClCompile>
    <ClCompile Include="src\hoi4_world\technology\technologies_tests.cpp">
      <Filter>src\hoi4_world\technology</Filter>
    </ClCompile>
    <ClCompile Include="src\out_hoi4\technology\out_technologies_tests.cpp">
      <Filter>src\out_hoi4\technology</Filter>
    </ClCompile>
    <ClCompile Include="src\hoi4_world\states\state_categories_tests.cpp">
      <Filter>src\hoi4_world\states</Filter>
    </ClCompile>
    <ClCompile Include="src\hoi4_world\states\default_states_importer_tests.cpp">
      <Filter>src\hoi4_world\states</Filter>
    </ClCompile>
    <ClCompile Include="src\vic3_world\states\state_regions_importer_tests.cpp">
      <Filter>src\vic3_world\states</Filter>
    </ClCompile>
    <ClCompile Include="src\out_hoi4\localizations\out_localizations_tests.cpp">
      <Filter>src\out_hoi4\localizations</Filter>
    </ClCompile>
    <ClCompile Include="src\hoi4_world\localizations\localizations_converter_tests.cpp">
      <Filter>src\hoi4_world\localizations</Filter>
    </ClCompile>
    <ClCompile Include="src\hoi4_world\map\resources_map_importer_tests.cpp">
      <Filter>src\hoi4_world\map</Filter>
    </ClCompile>
    <ClCompile Include="src\hoi4_world\military\equipment_variants_importer_tests.cpp">
      <Filter>src\hoi4_world\military</Filter>
    </ClCompile>
    <ClCompile Include="src\out_hoi4\military\out_equipment_variant_tests.cpp">
      <Filter>src\out_hoi4\military</Filter>
    </ClCompile>
    <ClCompile Include="src\hoi4_world\map\railway_tests.cpp">
      <Filter>src\hoi4_world\map</Filter>
    </ClCompile>
    <ClCompile Include="src\hoi4_world\map\possible_path_tests.cpp">
      <Filter>src\hoi4_world\map</Filter>
    </ClCompile>
    <ClCompile Include="src\out_hoi4\map\out_railway_tests.cpp">
      <Filter>src\out_hoi4\map</Filter>
    </ClCompile>
    <ClCompile Include="src\out_hoi4\map\out_railways_tests.cpp">
      <Filter>src\out_hoi4\map</Filter>
    </ClCompile>
    <ClCompile Include="src\hoi4_world\map\railways_converter_tests.cpp">
      <Filter>src\hoi4_world\map</Filter>
    </ClCompile>
    <ClCompile Include="src\out_hoi4\map\out_supply_nodes_tests.cpp">
      <Filter>src\out_hoi4\map</Filter>
    </ClCompile>
    <ClCompile Include="src\vic3_world\country_rankings\country_rankings_importer_tests.cpp">
      <Filter>src\vic3_world\country_rankings</Filter>
    </ClCompile>
    <ClCompile Include="src\vic3_world\laws\laws_importer_tests.cpp">
      <Filter>src\vic3_world\laws</Filter>
    </ClCompile>
    <ClCompile Include="src\mappers\ideology\ideology_mapper_tests.cpp">
      <Filter>src\mappers\ideology</Filter>
    </ClCompile>
    <ClCompile Include="src\mappers\ideology\ideology_mapper_importer_tests.cpp">
      <Filter>src\mappers\ideology</Filter>
    </ClCompile>
    <ClCompile Include="src\vic3_world\elections\elections_importer_tests.cpp">
      <Filter>src\vic3_world\elections</Filter>
    </ClCompile>
    <ClCompile Include="src\vic3_world\cultures\cultures_importer_tests.cpp">
      <Filter>src\vic3_world\cultures</Filter>
    </ClCompile>
    <ClCompile Include="src\vic3_world\buildings\building_importer_tests.cpp">
      <Filter>src\vic3_world\buildings</Filter>
    </ClCompile>
    <ClCompile Include="src\vic3_world\buildings\buildings_tests.cpp">
      <Filter>src\vic3_world\buildings</Filter>
    </ClCompile>
    <ClCompile Include="src\vic3_world\buildings\buildings_importer_tests.cpp">
      <Filter>src\vic3_world\buildings</Filter>
    </ClCompile>
    <ClCompile Include="src\hoi4_world\states\hoi4_state_tests.cpp">
      <Filter>src\hoi4_world\states</Filter>
    </ClCompile>
    <ClCompile Include="src\vic3_world\cultures\culture_definitions_importer_tests.cpp">
      <Filter>src\vic3_world\cultures</Filter>
    </ClCompile>
    <ClCompile Include="src\mappers\culture\culture_graphics_mapper_importer_tests.cpp">
      <Filter>src\mappers\culture</Filter>
    </ClCompile>
    <ClCompile Include="src\mappers\culture\culture_graphics_mapper_tests.cpp">
      <Filter>src\mappers\culture</Filter>
    </ClCompile>
    <ClCompile Include="src\out_hoi4\names\out_name_list_tests.cpp">
      <Filter>src\out_hoi4\names</Filter>
    </ClCompile>
    <ClCompile Include="src\out_hoi4\portraits\out_portrait_paths_tests.cpp">
      <Filter>src\out_hoi4\portraits</Filter>
    </ClCompile>
    <ClCompile Include="src\out_hoi4\names\out_names_tests.cpp">
      <Filter>src\out_hoi4\names</Filter>
    </ClCompile>
    <ClCompile Include="src\out_hoi4\portraits\out_portraits_tests.cpp">
      <Filter>src\out_hoi4\portraits</Filter>
    </ClCompile>
    <ClCompile Include="src\vic3_world\characters\characters_importer_tests.cpp">
      <Filter>src\vic3_world\characters</Filter>
    </ClCompile>
    <ClCompile Include="src\vic3_world\characters\country_character_map_importer_tests.cpp">
      <Filter>src\vic3_world\characters</Filter>
    </ClCompile>
    <ClCompile Include="src\vic3_world\characters\character_importer_tests.cpp">
      <Filter>src\vic3_world\characters</Filter>
    </ClCompile>
    <ClCompile Include="src\vic3_world\characters\character_manager_tests.cpp">
      <Filter>src\vic3_world\characters</Filter>
    </ClCompile>
  </ItemGroup>
  <ItemGroup>
    <CopyFileToFolders Include="external\rakaly\rakaly.dll">
      <Filter>external\rakaly</Filter>
    </CopyFileToFolders>
  </ItemGroup>
</Project>